
Microsoft Visual Studio Solution File, Format Version 12.00
# Visual Studio 14
VisualStudioVersion = 14.0.25420.1
MinimumVisualStudioVersion = 10.0.40219.1
Project("{FAE04EC0-301F-11D3-BF4B-00C04F79EFBC}") = "MyApp", "MyApp\MyApp\MyApp.csproj", "{439CF6C6-BD5F-4247-A929-A0B43BC8A6D3}"
EndProject
Project("{FAE04EC0-301F-11D3-BF4B-00C04F79EFBC}") = "MyApp.Droid", "MyApp\MyApp.Droid\MyApp.Droid.csproj", "{AADEB17D-68ED-4476-A26A-DF5FE09C498C}"
EndProject
Project("{FAE04EC0-301F-11D3-BF4B-00C04F79EFBC}") = "MyApp.iOS", "MyApp\MyApp.iOS\MyApp.iOS.csproj", "{6F44B426-E181-432F-AA12-37A1D751328D}"
EndProject
Project("{FAE04EC0-301F-11D3-BF4B-00C04F79EFBC}") = "MyApp.WinPhone", "MyApp\MyApp.WinPhone\MyApp.WinPhone.csproj", "{D53462D3-6D54-4152-BB72-6CAC814128FA}"
EndProject
Project("{FAE04EC0-301F-11D3-BF4B-00C04F79EFBC}") = "MyApp.UWP", "MyApp\MyApp.UWP\MyApp.UWP.csproj", "{2D841B9F-F34C-4439-8625-C581342916C2}"
EndProject
Project("{FAE04EC0-301F-11D3-BF4B-00C04F79EFBC}") = "MyApp.Windows", "MyApp\MyApp.Windows\MyApp.Windows.csproj", "{1CFECE4B-ABBA-45BA-AA1F-8A9F013FFE2E}"
EndProject
Global
	GlobalSection(SolutionConfigurationPlatforms) = preSolution
		Ad-Hoc|Any CPU = Ad-Hoc|Any CPU
		Ad-Hoc|ARM = Ad-Hoc|ARM
		Ad-Hoc|iPhone = Ad-Hoc|iPhone
		Ad-Hoc|iPhoneSimulator = Ad-Hoc|iPhoneSimulator
		Ad-Hoc|x64 = Ad-Hoc|x64
		Ad-Hoc|x86 = Ad-Hoc|x86
		AppStore|Any CPU = AppStore|Any CPU
		AppStore|ARM = AppStore|ARM
		AppStore|iPhone = AppStore|iPhone
		AppStore|iPhoneSimulator = AppStore|iPhoneSimulator
		AppStore|x64 = AppStore|x64
		AppStore|x86 = AppStore|x86
		Debug|Any CPU = Debug|Any CPU
		Debug|ARM = Debug|ARM
		Debug|iPhone = Debug|iPhone
		Debug|iPhoneSimulator = Debug|iPhoneSimulator
		Debug|x64 = Debug|x64
		Debug|x86 = Debug|x86
		Release|Any CPU = Release|Any CPU
		Release|ARM = Release|ARM
		Release|iPhone = Release|iPhone
		Release|iPhoneSimulator = Release|iPhoneSimulator
		Release|x64 = Release|x64
		Release|x86 = Release|x86
	EndGlobalSection
	GlobalSection(ProjectConfigurationPlatforms) = postSolution
		{439CF6C6-BD5F-4247-A929-A0B43BC8A6D3}.Ad-Hoc|Any CPU.ActiveCfg = Release|Any CPU
		{439CF6C6-BD5F-4247-A929-A0B43BC8A6D3}.Ad-Hoc|Any CPU.Build.0 = Release|Any CPU
		{439CF6C6-BD5F-4247-A929-A0B43BC8A6D3}.Ad-Hoc|ARM.ActiveCfg = Release|Any CPU
		{439CF6C6-BD5F-4247-A929-A0B43BC8A6D3}.Ad-Hoc|ARM.Build.0 = Release|Any CPU
		{439CF6C6-BD5F-4247-A929-A0B43BC8A6D3}.Ad-Hoc|iPhone.ActiveCfg = Release|Any CPU
		{439CF6C6-BD5F-4247-A929-A0B43BC8A6D3}.Ad-Hoc|iPhone.Build.0 = Release|Any CPU
		{439CF6C6-BD5F-4247-A929-A0B43BC8A6D3}.Ad-Hoc|iPhoneSimulator.ActiveCfg = Release|Any CPU
		{439CF6C6-BD5F-4247-A929-A0B43BC8A6D3}.Ad-Hoc|iPhoneSimulator.Build.0 = Release|Any CPU
		{439CF6C6-BD5F-4247-A929-A0B43BC8A6D3}.Ad-Hoc|x64.ActiveCfg = Release|Any CPU
		{439CF6C6-BD5F-4247-A929-A0B43BC8A6D3}.Ad-Hoc|x64.Build.0 = Release|Any CPU
		{439CF6C6-BD5F-4247-A929-A0B43BC8A6D3}.Ad-Hoc|x86.ActiveCfg = Release|Any CPU
		{439CF6C6-BD5F-4247-A929-A0B43BC8A6D3}.Ad-Hoc|x86.Build.0 = Release|Any CPU
		{439CF6C6-BD5F-4247-A929-A0B43BC8A6D3}.AppStore|Any CPU.ActiveCfg = Release|Any CPU
		{439CF6C6-BD5F-4247-A929-A0B43BC8A6D3}.AppStore|Any CPU.Build.0 = Release|Any CPU
		{439CF6C6-BD5F-4247-A929-A0B43BC8A6D3}.AppStore|ARM.ActiveCfg = Release|Any CPU
		{439CF6C6-BD5F-4247-A929-A0B43BC8A6D3}.AppStore|ARM.Build.0 = Release|Any CPU
		{439CF6C6-BD5F-4247-A929-A0B43BC8A6D3}.AppStore|iPhone.ActiveCfg = Release|Any CPU
		{439CF6C6-BD5F-4247-A929-A0B43BC8A6D3}.AppStore|iPhone.Build.0 = Release|Any CPU
		{439CF6C6-BD5F-4247-A929-A0B43BC8A6D3}.AppStore|iPhoneSimulator.ActiveCfg = Release|Any CPU
		{439CF6C6-BD5F-4247-A929-A0B43BC8A6D3}.AppStore|iPhoneSimulator.Build.0 = Release|Any CPU
		{439CF6C6-BD5F-4247-A929-A0B43BC8A6D3}.AppStore|x64.ActiveCfg = Release|Any CPU
		{439CF6C6-BD5F-4247-A929-A0B43BC8A6D3}.AppStore|x64.Build.0 = Release|Any CPU
		{439CF6C6-BD5F-4247-A929-A0B43BC8A6D3}.AppStore|x86.ActiveCfg = Release|Any CPU
		{439CF6C6-BD5F-4247-A929-A0B43BC8A6D3}.AppStore|x86.Build.0 = Release|Any CPU
		{439CF6C6-BD5F-4247-A929-A0B43BC8A6D3}.Debug|Any CPU.ActiveCfg = Debug|Any CPU
		{439CF6C6-BD5F-4247-A929-A0B43BC8A6D3}.Debug|Any CPU.Build.0 = Debug|Any CPU
		{439CF6C6-BD5F-4247-A929-A0B43BC8A6D3}.Debug|ARM.ActiveCfg = Debug|Any CPU
		{439CF6C6-BD5F-4247-A929-A0B43BC8A6D3}.Debug|ARM.Build.0 = Debug|Any CPU
		{439CF6C6-BD5F-4247-A929-A0B43BC8A6D3}.Debug|iPhone.ActiveCfg = Debug|Any CPU
		{439CF6C6-BD5F-4247-A929-A0B43BC8A6D3}.Debug|iPhone.Build.0 = Debug|Any CPU
		{439CF6C6-BD5F-4247-A929-A0B43BC8A6D3}.Debug|iPhoneSimulator.ActiveCfg = Debug|Any CPU
		{439CF6C6-BD5F-4247-A929-A0B43BC8A6D3}.Debug|iPhoneSimulator.Build.0 = Debug|Any CPU
		{439CF6C6-BD5F-4247-A929-A0B43BC8A6D3}.Debug|x64.ActiveCfg = Debug|Any CPU
		{439CF6C6-BD5F-4247-A929-A0B43BC8A6D3}.Debug|x64.Build.0 = Debug|Any CPU
		{439CF6C6-BD5F-4247-A929-A0B43BC8A6D3}.Debug|x86.ActiveCfg = Debug|Any CPU
		{439CF6C6-BD5F-4247-A929-A0B43BC8A6D3}.Debug|x86.Build.0 = Debug|Any CPU
		{439CF6C6-BD5F-4247-A929-A0B43BC8A6D3}.Release|Any CPU.ActiveCfg = Release|Any CPU
		{439CF6C6-BD5F-4247-A929-A0B43BC8A6D3}.Release|Any CPU.Build.0 = Release|Any CPU
		{439CF6C6-BD5F-4247-A929-A0B43BC8A6D3}.Release|ARM.ActiveCfg = Release|Any CPU
		{439CF6C6-BD5F-4247-A929-A0B43BC8A6D3}.Release|ARM.Build.0 = Release|Any CPU
		{439CF6C6-BD5F-4247-A929-A0B43BC8A6D3}.Release|iPhone.ActiveCfg = Release|Any CPU
		{439CF6C6-BD5F-4247-A929-A0B43BC8A6D3}.Release|iPhone.Build.0 = Release|Any CPU
		{439CF6C6-BD5F-4247-A929-A0B43BC8A6D3}.Release|iPhoneSimulator.ActiveCfg = Release|Any CPU
		{439CF6C6-BD5F-4247-A929-A0B43BC8A6D3}.Release|iPhoneSimulator.Build.0 = Release|Any CPU
		{439CF6C6-BD5F-4247-A929-A0B43BC8A6D3}.Release|x64.ActiveCfg = Release|Any CPU
		{439CF6C6-BD5F-4247-A929-A0B43BC8A6D3}.Release|x64.Build.0 = Release|Any CPU
		{439CF6C6-BD5F-4247-A929-A0B43BC8A6D3}.Release|x86.ActiveCfg = Release|Any CPU
		{439CF6C6-BD5F-4247-A929-A0B43BC8A6D3}.Release|x86.Build.0 = Release|Any CPU
		{AADEB17D-68ED-4476-A26A-DF5FE09C498C}.Ad-Hoc|Any CPU.ActiveCfg = Release|Any CPU
		{AADEB17D-68ED-4476-A26A-DF5FE09C498C}.Ad-Hoc|Any CPU.Build.0 = Release|Any CPU
		{AADEB17D-68ED-4476-A26A-DF5FE09C498C}.Ad-Hoc|Any CPU.Deploy.0 = Release|Any CPU
		{AADEB17D-68ED-4476-A26A-DF5FE09C498C}.Ad-Hoc|ARM.ActiveCfg = Release|Any CPU
		{AADEB17D-68ED-4476-A26A-DF5FE09C498C}.Ad-Hoc|ARM.Build.0 = Release|Any CPU
		{AADEB17D-68ED-4476-A26A-DF5FE09C498C}.Ad-Hoc|ARM.Deploy.0 = Release|Any CPU
		{AADEB17D-68ED-4476-A26A-DF5FE09C498C}.Ad-Hoc|iPhone.ActiveCfg = Release|Any CPU
		{AADEB17D-68ED-4476-A26A-DF5FE09C498C}.Ad-Hoc|iPhone.Build.0 = Release|Any CPU
		{AADEB17D-68ED-4476-A26A-DF5FE09C498C}.Ad-Hoc|iPhone.Deploy.0 = Release|Any CPU
		{AADEB17D-68ED-4476-A26A-DF5FE09C498C}.Ad-Hoc|iPhoneSimulator.ActiveCfg = Release|Any CPU
		{AADEB17D-68ED-4476-A26A-DF5FE09C498C}.Ad-Hoc|iPhoneSimulator.Build.0 = Release|Any CPU
		{AADEB17D-68ED-4476-A26A-DF5FE09C498C}.Ad-Hoc|iPhoneSimulator.Deploy.0 = Release|Any CPU
		{AADEB17D-68ED-4476-A26A-DF5FE09C498C}.Ad-Hoc|x64.ActiveCfg = Release|Any CPU
		{AADEB17D-68ED-4476-A26A-DF5FE09C498C}.Ad-Hoc|x64.Build.0 = Release|Any CPU
		{AADEB17D-68ED-4476-A26A-DF5FE09C498C}.Ad-Hoc|x64.Deploy.0 = Release|Any CPU
		{AADEB17D-68ED-4476-A26A-DF5FE09C498C}.Ad-Hoc|x86.ActiveCfg = Release|Any CPU
		{AADEB17D-68ED-4476-A26A-DF5FE09C498C}.Ad-Hoc|x86.Build.0 = Release|Any CPU
		{AADEB17D-68ED-4476-A26A-DF5FE09C498C}.Ad-Hoc|x86.Deploy.0 = Release|Any CPU
		{AADEB17D-68ED-4476-A26A-DF5FE09C498C}.AppStore|Any CPU.ActiveCfg = Release|Any CPU
		{AADEB17D-68ED-4476-A26A-DF5FE09C498C}.AppStore|Any CPU.Build.0 = Release|Any CPU
		{AADEB17D-68ED-4476-A26A-DF5FE09C498C}.AppStore|Any CPU.Deploy.0 = Release|Any CPU
		{AADEB17D-68ED-4476-A26A-DF5FE09C498C}.AppStore|ARM.ActiveCfg = Release|Any CPU
		{AADEB17D-68ED-4476-A26A-DF5FE09C498C}.AppStore|ARM.Build.0 = Release|Any CPU
		{AADEB17D-68ED-4476-A26A-DF5FE09C498C}.AppStore|ARM.Deploy.0 = Release|Any CPU
		{AADEB17D-68ED-4476-A26A-DF5FE09C498C}.AppStore|iPhone.ActiveCfg = Release|Any CPU
		{AADEB17D-68ED-4476-A26A-DF5FE09C498C}.AppStore|iPhone.Build.0 = Release|Any CPU
		{AADEB17D-68ED-4476-A26A-DF5FE09C498C}.AppStore|iPhone.Deploy.0 = Release|Any CPU
		{AADEB17D-68ED-4476-A26A-DF5FE09C498C}.AppStore|iPhoneSimulator.ActiveCfg = Release|Any CPU
		{AADEB17D-68ED-4476-A26A-DF5FE09C498C}.AppStore|iPhoneSimulator.Build.0 = Release|Any CPU
		{AADEB17D-68ED-4476-A26A-DF5FE09C498C}.AppStore|iPhoneSimulator.Deploy.0 = Release|Any CPU
		{AADEB17D-68ED-4476-A26A-DF5FE09C498C}.AppStore|x64.ActiveCfg = Release|Any CPU
		{AADEB17D-68ED-4476-A26A-DF5FE09C498C}.AppStore|x64.Build.0 = Release|Any CPU
		{AADEB17D-68ED-4476-A26A-DF5FE09C498C}.AppStore|x64.Deploy.0 = Release|Any CPU
		{AADEB17D-68ED-4476-A26A-DF5FE09C498C}.AppStore|x86.ActiveCfg = Release|Any CPU
		{AADEB17D-68ED-4476-A26A-DF5FE09C498C}.AppStore|x86.Build.0 = Release|Any CPU
		{AADEB17D-68ED-4476-A26A-DF5FE09C498C}.AppStore|x86.Deploy.0 = Release|Any CPU
		{AADEB17D-68ED-4476-A26A-DF5FE09C498C}.Debug|Any CPU.ActiveCfg = Debug|Any CPU
		{AADEB17D-68ED-4476-A26A-DF5FE09C498C}.Debug|Any CPU.Build.0 = Debug|Any CPU
		{AADEB17D-68ED-4476-A26A-DF5FE09C498C}.Debug|Any CPU.Deploy.0 = Debug|Any CPU
		{AADEB17D-68ED-4476-A26A-DF5FE09C498C}.Debug|ARM.ActiveCfg = Debug|Any CPU
		{AADEB17D-68ED-4476-A26A-DF5FE09C498C}.Debug|ARM.Build.0 = Debug|Any CPU
		{AADEB17D-68ED-4476-A26A-DF5FE09C498C}.Debug|ARM.Deploy.0 = Debug|Any CPU
		{AADEB17D-68ED-4476-A26A-DF5FE09C498C}.Debug|iPhone.ActiveCfg = Debug|Any CPU
		{AADEB17D-68ED-4476-A26A-DF5FE09C498C}.Debug|iPhone.Build.0 = Debug|Any CPU
		{AADEB17D-68ED-4476-A26A-DF5FE09C498C}.Debug|iPhone.Deploy.0 = Debug|Any CPU
		{AADEB17D-68ED-4476-A26A-DF5FE09C498C}.Debug|iPhoneSimulator.ActiveCfg = Debug|Any CPU
		{AADEB17D-68ED-4476-A26A-DF5FE09C498C}.Debug|iPhoneSimulator.Build.0 = Debug|Any CPU
		{AADEB17D-68ED-4476-A26A-DF5FE09C498C}.Debug|iPhoneSimulator.Deploy.0 = Debug|Any CPU
		{AADEB17D-68ED-4476-A26A-DF5FE09C498C}.Debug|x64.ActiveCfg = Debug|Any CPU
		{AADEB17D-68ED-4476-A26A-DF5FE09C498C}.Debug|x64.Build.0 = Debug|Any CPU
		{AADEB17D-68ED-4476-A26A-DF5FE09C498C}.Debug|x64.Deploy.0 = Debug|Any CPU
		{AADEB17D-68ED-4476-A26A-DF5FE09C498C}.Debug|x86.ActiveCfg = Debug|Any CPU
		{AADEB17D-68ED-4476-A26A-DF5FE09C498C}.Debug|x86.Build.0 = Debug|Any CPU
		{AADEB17D-68ED-4476-A26A-DF5FE09C498C}.Debug|x86.Deploy.0 = Debug|Any CPU
		{AADEB17D-68ED-4476-A26A-DF5FE09C498C}.Release|Any CPU.ActiveCfg = Release|Any CPU
		{AADEB17D-68ED-4476-A26A-DF5FE09C498C}.Release|Any CPU.Build.0 = Release|Any CPU
		{AADEB17D-68ED-4476-A26A-DF5FE09C498C}.Release|Any CPU.Deploy.0 = Release|Any CPU
		{AADEB17D-68ED-4476-A26A-DF5FE09C498C}.Release|ARM.ActiveCfg = Release|Any CPU
		{AADEB17D-68ED-4476-A26A-DF5FE09C498C}.Release|ARM.Build.0 = Release|Any CPU
		{AADEB17D-68ED-4476-A26A-DF5FE09C498C}.Release|ARM.Deploy.0 = Release|Any CPU
		{AADEB17D-68ED-4476-A26A-DF5FE09C498C}.Release|iPhone.ActiveCfg = Release|Any CPU
		{AADEB17D-68ED-4476-A26A-DF5FE09C498C}.Release|iPhone.Build.0 = Release|Any CPU
		{AADEB17D-68ED-4476-A26A-DF5FE09C498C}.Release|iPhone.Deploy.0 = Release|Any CPU
		{AADEB17D-68ED-4476-A26A-DF5FE09C498C}.Release|iPhoneSimulator.ActiveCfg = Release|Any CPU
		{AADEB17D-68ED-4476-A26A-DF5FE09C498C}.Release|iPhoneSimulator.Build.0 = Release|Any CPU
		{AADEB17D-68ED-4476-A26A-DF5FE09C498C}.Release|iPhoneSimulator.Deploy.0 = Release|Any CPU
		{AADEB17D-68ED-4476-A26A-DF5FE09C498C}.Release|x64.ActiveCfg = Release|Any CPU
		{AADEB17D-68ED-4476-A26A-DF5FE09C498C}.Release|x64.Build.0 = Release|Any CPU
		{AADEB17D-68ED-4476-A26A-DF5FE09C498C}.Release|x64.Deploy.0 = Release|Any CPU
		{AADEB17D-68ED-4476-A26A-DF5FE09C498C}.Release|x86.ActiveCfg = Release|Any CPU
		{AADEB17D-68ED-4476-A26A-DF5FE09C498C}.Release|x86.Build.0 = Release|Any CPU
		{AADEB17D-68ED-4476-A26A-DF5FE09C498C}.Release|x86.Deploy.0 = Release|Any CPU
		{6F44B426-E181-432F-AA12-37A1D751328D}.Ad-Hoc|Any CPU.ActiveCfg = Ad-Hoc|iPhone
		{6F44B426-E181-432F-AA12-37A1D751328D}.Ad-Hoc|ARM.ActiveCfg = Ad-Hoc|iPhone
		{6F44B426-E181-432F-AA12-37A1D751328D}.Ad-Hoc|iPhone.ActiveCfg = Ad-Hoc|iPhone
		{6F44B426-E181-432F-AA12-37A1D751328D}.Ad-Hoc|iPhone.Build.0 = Ad-Hoc|iPhone
		{6F44B426-E181-432F-AA12-37A1D751328D}.Ad-Hoc|iPhoneSimulator.ActiveCfg = Ad-Hoc|iPhoneSimulator
		{6F44B426-E181-432F-AA12-37A1D751328D}.Ad-Hoc|iPhoneSimulator.Build.0 = Ad-Hoc|iPhoneSimulator
		{6F44B426-E181-432F-AA12-37A1D751328D}.Ad-Hoc|x64.ActiveCfg = Ad-Hoc|iPhone
		{6F44B426-E181-432F-AA12-37A1D751328D}.Ad-Hoc|x86.ActiveCfg = Ad-Hoc|iPhone
		{6F44B426-E181-432F-AA12-37A1D751328D}.AppStore|Any CPU.ActiveCfg = AppStore|iPhone
		{6F44B426-E181-432F-AA12-37A1D751328D}.AppStore|ARM.ActiveCfg = AppStore|iPhone
		{6F44B426-E181-432F-AA12-37A1D751328D}.AppStore|iPhone.ActiveCfg = AppStore|iPhone
		{6F44B426-E181-432F-AA12-37A1D751328D}.AppStore|iPhone.Build.0 = AppStore|iPhone
		{6F44B426-E181-432F-AA12-37A1D751328D}.AppStore|iPhoneSimulator.ActiveCfg = AppStore|iPhoneSimulator
		{6F44B426-E181-432F-AA12-37A1D751328D}.AppStore|iPhoneSimulator.Build.0 = AppStore|iPhoneSimulator
		{6F44B426-E181-432F-AA12-37A1D751328D}.AppStore|x64.ActiveCfg = AppStore|iPhone
		{6F44B426-E181-432F-AA12-37A1D751328D}.AppStore|x86.ActiveCfg = AppStore|iPhone
		{6F44B426-E181-432F-AA12-37A1D751328D}.Debug|Any CPU.ActiveCfg = Debug|iPhone
		{6F44B426-E181-432F-AA12-37A1D751328D}.Debug|ARM.ActiveCfg = Debug|iPhone
		{6F44B426-E181-432F-AA12-37A1D751328D}.Debug|iPhone.ActiveCfg = Debug|iPhone
		{6F44B426-E181-432F-AA12-37A1D751328D}.Debug|iPhone.Build.0 = Debug|iPhone
		{6F44B426-E181-432F-AA12-37A1D751328D}.Debug|iPhoneSimulator.ActiveCfg = Debug|iPhoneSimulator
		{6F44B426-E181-432F-AA12-37A1D751328D}.Debug|iPhoneSimulator.Build.0 = Debug|iPhoneSimulator
		{6F44B426-E181-432F-AA12-37A1D751328D}.Debug|x64.ActiveCfg = Debug|iPhone
		{6F44B426-E181-432F-AA12-37A1D751328D}.Debug|x86.ActiveCfg = Debug|iPhone
		{6F44B426-E181-432F-AA12-37A1D751328D}.Release|Any CPU.ActiveCfg = Release|iPhone
		{6F44B426-E181-432F-AA12-37A1D751328D}.Release|ARM.ActiveCfg = Release|iPhone
		{6F44B426-E181-432F-AA12-37A1D751328D}.Release|iPhone.ActiveCfg = Release|iPhone
		{6F44B426-E181-432F-AA12-37A1D751328D}.Release|iPhone.Build.0 = Release|iPhone
		{6F44B426-E181-432F-AA12-37A1D751328D}.Release|iPhoneSimulator.ActiveCfg = Release|iPhoneSimulator
		{6F44B426-E181-432F-AA12-37A1D751328D}.Release|iPhoneSimulator.Build.0 = Release|iPhoneSimulator
		{6F44B426-E181-432F-AA12-37A1D751328D}.Release|x64.ActiveCfg = Release|iPhone
		{6F44B426-E181-432F-AA12-37A1D751328D}.Release|x86.ActiveCfg = Release|iPhone
		{D53462D3-6D54-4152-BB72-6CAC814128FA}.Ad-Hoc|Any CPU.ActiveCfg = Release|Any CPU
		{D53462D3-6D54-4152-BB72-6CAC814128FA}.Ad-Hoc|Any CPU.Build.0 = Release|Any CPU
		{D53462D3-6D54-4152-BB72-6CAC814128FA}.Ad-Hoc|Any CPU.Deploy.0 = Release|Any CPU
		{D53462D3-6D54-4152-BB72-6CAC814128FA}.Ad-Hoc|ARM.ActiveCfg = Release|ARM
		{D53462D3-6D54-4152-BB72-6CAC814128FA}.Ad-Hoc|ARM.Build.0 = Release|ARM
		{D53462D3-6D54-4152-BB72-6CAC814128FA}.Ad-Hoc|ARM.Deploy.0 = Release|ARM
		{D53462D3-6D54-4152-BB72-6CAC814128FA}.Ad-Hoc|iPhone.ActiveCfg = Release|Any CPU
		{D53462D3-6D54-4152-BB72-6CAC814128FA}.Ad-Hoc|iPhone.Build.0 = Release|Any CPU
		{D53462D3-6D54-4152-BB72-6CAC814128FA}.Ad-Hoc|iPhone.Deploy.0 = Release|Any CPU
		{D53462D3-6D54-4152-BB72-6CAC814128FA}.Ad-Hoc|iPhoneSimulator.ActiveCfg = Release|Any CPU
		{D53462D3-6D54-4152-BB72-6CAC814128FA}.Ad-Hoc|iPhoneSimulator.Build.0 = Release|Any CPU
		{D53462D3-6D54-4152-BB72-6CAC814128FA}.Ad-Hoc|iPhoneSimulator.Deploy.0 = Release|Any CPU
		{D53462D3-6D54-4152-BB72-6CAC814128FA}.Ad-Hoc|x64.ActiveCfg = Release|Any CPU
		{D53462D3-6D54-4152-BB72-6CAC814128FA}.Ad-Hoc|x64.Build.0 = Release|Any CPU
		{D53462D3-6D54-4152-BB72-6CAC814128FA}.Ad-Hoc|x64.Deploy.0 = Release|Any CPU
		{D53462D3-6D54-4152-BB72-6CAC814128FA}.Ad-Hoc|x86.ActiveCfg = Release|x86
		{D53462D3-6D54-4152-BB72-6CAC814128FA}.Ad-Hoc|x86.Build.0 = Release|x86
		{D53462D3-6D54-4152-BB72-6CAC814128FA}.Ad-Hoc|x86.Deploy.0 = Release|x86
		{D53462D3-6D54-4152-BB72-6CAC814128FA}.AppStore|Any CPU.ActiveCfg = Release|Any CPU
		{D53462D3-6D54-4152-BB72-6CAC814128FA}.AppStore|Any CPU.Build.0 = Release|Any CPU
		{D53462D3-6D54-4152-BB72-6CAC814128FA}.AppStore|Any CPU.Deploy.0 = Release|Any CPU
		{D53462D3-6D54-4152-BB72-6CAC814128FA}.AppStore|ARM.ActiveCfg = Release|ARM
		{D53462D3-6D54-4152-BB72-6CAC814128FA}.AppStore|ARM.Build.0 = Release|ARM
		{D53462D3-6D54-4152-BB72-6CAC814128FA}.AppStore|ARM.Deploy.0 = Release|ARM
		{D53462D3-6D54-4152-BB72-6CAC814128FA}.AppStore|iPhone.ActiveCfg = Release|Any CPU
		{D53462D3-6D54-4152-BB72-6CAC814128FA}.AppStore|iPhone.Build.0 = Release|Any CPU
		{D53462D3-6D54-4152-BB72-6CAC814128FA}.AppStore|iPhone.Deploy.0 = Release|Any CPU
		{D53462D3-6D54-4152-BB72-6CAC814128FA}.AppStore|iPhoneSimulator.ActiveCfg = Release|Any CPU
		{D53462D3-6D54-4152-BB72-6CAC814128FA}.AppStore|iPhoneSimulator.Build.0 = Release|Any CPU
		{D53462D3-6D54-4152-BB72-6CAC814128FA}.AppStore|iPhoneSimulator.Deploy.0 = Release|Any CPU
		{D53462D3-6D54-4152-BB72-6CAC814128FA}.AppStore|x64.ActiveCfg = Release|Any CPU
		{D53462D3-6D54-4152-BB72-6CAC814128FA}.AppStore|x64.Build.0 = Release|Any CPU
		{D53462D3-6D54-4152-BB72-6CAC814128FA}.AppStore|x64.Deploy.0 = Release|Any CPU
		{D53462D3-6D54-4152-BB72-6CAC814128FA}.AppStore|x86.ActiveCfg = Release|x86
		{D53462D3-6D54-4152-BB72-6CAC814128FA}.AppStore|x86.Build.0 = Release|x86
		{D53462D3-6D54-4152-BB72-6CAC814128FA}.AppStore|x86.Deploy.0 = Release|x86
		{D53462D3-6D54-4152-BB72-6CAC814128FA}.Debug|Any CPU.ActiveCfg = Debug|Any CPU
		{D53462D3-6D54-4152-BB72-6CAC814128FA}.Debug|Any CPU.Build.0 = Debug|Any CPU
		{D53462D3-6D54-4152-BB72-6CAC814128FA}.Debug|Any CPU.Deploy.0 = Debug|Any CPU
		{D53462D3-6D54-4152-BB72-6CAC814128FA}.Debug|ARM.ActiveCfg = Debug|ARM
		{D53462D3-6D54-4152-BB72-6CAC814128FA}.Debug|ARM.Build.0 = Debug|ARM
		{D53462D3-6D54-4152-BB72-6CAC814128FA}.Debug|ARM.Deploy.0 = Debug|ARM
		{D53462D3-6D54-4152-BB72-6CAC814128FA}.Debug|iPhone.ActiveCfg = Debug|Any CPU
		{D53462D3-6D54-4152-BB72-6CAC814128FA}.Debug|iPhone.Build.0 = Debug|Any CPU
		{D53462D3-6D54-4152-BB72-6CAC814128FA}.Debug|iPhone.Deploy.0 = Debug|Any CPU
		{D53462D3-6D54-4152-BB72-6CAC814128FA}.Debug|iPhoneSimulator.ActiveCfg = Debug|Any CPU
		{D53462D3-6D54-4152-BB72-6CAC814128FA}.Debug|iPhoneSimulator.Build.0 = Debug|Any CPU
		{D53462D3-6D54-4152-BB72-6CAC814128FA}.Debug|iPhoneSimulator.Deploy.0 = Debug|Any CPU
		{D53462D3-6D54-4152-BB72-6CAC814128FA}.Debug|x64.ActiveCfg = Debug|Any CPU
		{D53462D3-6D54-4152-BB72-6CAC814128FA}.Debug|x64.Build.0 = Debug|Any CPU
		{D53462D3-6D54-4152-BB72-6CAC814128FA}.Debug|x64.Deploy.0 = Debug|Any CPU
		{D53462D3-6D54-4152-BB72-6CAC814128FA}.Debug|x86.ActiveCfg = Debug|x86
		{D53462D3-6D54-4152-BB72-6CAC814128FA}.Debug|x86.Build.0 = Debug|x86
		{D53462D3-6D54-4152-BB72-6CAC814128FA}.Debug|x86.Deploy.0 = Debug|x86
		{D53462D3-6D54-4152-BB72-6CAC814128FA}.Release|Any CPU.ActiveCfg = Release|Any CPU
		{D53462D3-6D54-4152-BB72-6CAC814128FA}.Release|Any CPU.Build.0 = Release|Any CPU
		{D53462D3-6D54-4152-BB72-6CAC814128FA}.Release|Any CPU.Deploy.0 = Release|Any CPU
		{D53462D3-6D54-4152-BB72-6CAC814128FA}.Release|ARM.ActiveCfg = Release|ARM
		{D53462D3-6D54-4152-BB72-6CAC814128FA}.Release|ARM.Build.0 = Release|ARM
		{D53462D3-6D54-4152-BB72-6CAC814128FA}.Release|ARM.Deploy.0 = Release|ARM
		{D53462D3-6D54-4152-BB72-6CAC814128FA}.Release|iPhone.ActiveCfg = Release|Any CPU
		{D53462D3-6D54-4152-BB72-6CAC814128FA}.Release|iPhone.Build.0 = Release|Any CPU
		{D53462D3-6D54-4152-BB72-6CAC814128FA}.Release|iPhone.Deploy.0 = Release|Any CPU
		{D53462D3-6D54-4152-BB72-6CAC814128FA}.Release|iPhoneSimulator.ActiveCfg = Release|Any CPU
		{D53462D3-6D54-4152-BB72-6CAC814128FA}.Release|iPhoneSimulator.Build.0 = Release|Any CPU
		{D53462D3-6D54-4152-BB72-6CAC814128FA}.Release|iPhoneSimulator.Deploy.0 = Release|Any CPU
		{D53462D3-6D54-4152-BB72-6CAC814128FA}.Release|x64.ActiveCfg = Release|Any CPU
		{D53462D3-6D54-4152-BB72-6CAC814128FA}.Release|x64.Build.0 = Release|Any CPU
		{D53462D3-6D54-4152-BB72-6CAC814128FA}.Release|x64.Deploy.0 = Release|Any CPU
		{D53462D3-6D54-4152-BB72-6CAC814128FA}.Release|x86.ActiveCfg = Release|x86
		{D53462D3-6D54-4152-BB72-6CAC814128FA}.Release|x86.Build.0 = Release|x86
		{D53462D3-6D54-4152-BB72-6CAC814128FA}.Release|x86.Deploy.0 = Release|x86
		{2D841B9F-F34C-4439-8625-C581342916C2}.Ad-Hoc|Any CPU.ActiveCfg = Release|x86
		{2D841B9F-F34C-4439-8625-C581342916C2}.Ad-Hoc|Any CPU.Build.0 = Release|x86
		{2D841B9F-F34C-4439-8625-C581342916C2}.Ad-Hoc|Any CPU.Deploy.0 = Release|x86
		{2D841B9F-F34C-4439-8625-C581342916C2}.Ad-Hoc|ARM.ActiveCfg = Release|ARM
		{2D841B9F-F34C-4439-8625-C581342916C2}.Ad-Hoc|ARM.Build.0 = Release|ARM
		{2D841B9F-F34C-4439-8625-C581342916C2}.Ad-Hoc|ARM.Deploy.0 = Release|ARM
		{2D841B9F-F34C-4439-8625-C581342916C2}.Ad-Hoc|iPhone.ActiveCfg = Release|x86
		{2D841B9F-F34C-4439-8625-C581342916C2}.Ad-Hoc|iPhone.Build.0 = Release|x86
		{2D841B9F-F34C-4439-8625-C581342916C2}.Ad-Hoc|iPhone.Deploy.0 = Release|x86
		{2D841B9F-F34C-4439-8625-C581342916C2}.Ad-Hoc|iPhoneSimulator.ActiveCfg = Release|x86
		{2D841B9F-F34C-4439-8625-C581342916C2}.Ad-Hoc|iPhoneSimulator.Build.0 = Release|x86
		{2D841B9F-F34C-4439-8625-C581342916C2}.Ad-Hoc|iPhoneSimulator.Deploy.0 = Release|x86
		{2D841B9F-F34C-4439-8625-C581342916C2}.Ad-Hoc|x64.ActiveCfg = Release|x64
		{2D841B9F-F34C-4439-8625-C581342916C2}.Ad-Hoc|x64.Build.0 = Release|x64
		{2D841B9F-F34C-4439-8625-C581342916C2}.Ad-Hoc|x64.Deploy.0 = Release|x64
		{2D841B9F-F34C-4439-8625-C581342916C2}.Ad-Hoc|x86.ActiveCfg = Release|x86
		{2D841B9F-F34C-4439-8625-C581342916C2}.Ad-Hoc|x86.Build.0 = Release|x86
		{2D841B9F-F34C-4439-8625-C581342916C2}.Ad-Hoc|x86.Deploy.0 = Release|x86
		{2D841B9F-F34C-4439-8625-C581342916C2}.AppStore|Any CPU.ActiveCfg = Release|x86
		{2D841B9F-F34C-4439-8625-C581342916C2}.AppStore|Any CPU.Build.0 = Release|x86
		{2D841B9F-F34C-4439-8625-C581342916C2}.AppStore|Any CPU.Deploy.0 = Release|x86
		{2D841B9F-F34C-4439-8625-C581342916C2}.AppStore|ARM.ActiveCfg = Release|ARM
		{2D841B9F-F34C-4439-8625-C581342916C2}.AppStore|ARM.Build.0 = Release|ARM
		{2D841B9F-F34C-4439-8625-C581342916C2}.AppStore|ARM.Deploy.0 = Release|ARM
		{2D841B9F-F34C-4439-8625-C581342916C2}.AppStore|iPhone.ActiveCfg = Release|x86
		{2D841B9F-F34C-4439-8625-C581342916C2}.AppStore|iPhone.Build.0 = Release|x86
		{2D841B9F-F34C-4439-8625-C581342916C2}.AppStore|iPhone.Deploy.0 = Release|x86
		{2D841B9F-F34C-4439-8625-C581342916C2}.AppStore|iPhoneSimulator.ActiveCfg = Release|x86
		{2D841B9F-F34C-4439-8625-C581342916C2}.AppStore|iPhoneSimulator.Build.0 = Release|x86
		{2D841B9F-F34C-4439-8625-C581342916C2}.AppStore|iPhoneSimulator.Deploy.0 = Release|x86
		{2D841B9F-F34C-4439-8625-C581342916C2}.AppStore|x64.ActiveCfg = Release|x64
		{2D841B9F-F34C-4439-8625-C581342916C2}.AppStore|x64.Build.0 = Release|x64
		{2D841B9F-F34C-4439-8625-C581342916C2}.AppStore|x64.Deploy.0 = Release|x64
		{2D841B9F-F34C-4439-8625-C581342916C2}.AppStore|x86.ActiveCfg = Release|x86
		{2D841B9F-F34C-4439-8625-C581342916C2}.AppStore|x86.Build.0 = Release|x86
		{2D841B9F-F34C-4439-8625-C581342916C2}.AppStore|x86.Deploy.0 = Release|x86
		{2D841B9F-F34C-4439-8625-C581342916C2}.Debug|Any CPU.ActiveCfg = Debug|x86
		{2D841B9F-F34C-4439-8625-C581342916C2}.Debug|ARM.ActiveCfg = Debug|ARM
		{2D841B9F-F34C-4439-8625-C581342916C2}.Debug|ARM.Build.0 = Debug|ARM
		{2D841B9F-F34C-4439-8625-C581342916C2}.Debug|ARM.Deploy.0 = Debug|ARM
		{2D841B9F-F34C-4439-8625-C581342916C2}.Debug|iPhone.ActiveCfg = Debug|x86
		{2D841B9F-F34C-4439-8625-C581342916C2}.Debug|iPhoneSimulator.ActiveCfg = Debug|x86
		{2D841B9F-F34C-4439-8625-C581342916C2}.Debug|x64.ActiveCfg = Debug|x64
		{2D841B9F-F34C-4439-8625-C581342916C2}.Debug|x64.Build.0 = Debug|x64
		{2D841B9F-F34C-4439-8625-C581342916C2}.Debug|x64.Deploy.0 = Debug|x64
		{2D841B9F-F34C-4439-8625-C581342916C2}.Debug|x86.ActiveCfg = Debug|x86
		{2D841B9F-F34C-4439-8625-C581342916C2}.Debug|x86.Build.0 = Debug|x86
		{2D841B9F-F34C-4439-8625-C581342916C2}.Debug|x86.Deploy.0 = Debug|x86
		{2D841B9F-F34C-4439-8625-C581342916C2}.Release|Any CPU.ActiveCfg = Release|x86
		{2D841B9F-F34C-4439-8625-C581342916C2}.Release|ARM.ActiveCfg = Release|ARM
		{2D841B9F-F34C-4439-8625-C581342916C2}.Release|ARM.Build.0 = Release|ARM
		{2D841B9F-F34C-4439-8625-C581342916C2}.Release|ARM.Deploy.0 = Release|ARM
		{2D841B9F-F34C-4439-8625-C581342916C2}.Release|iPhone.ActiveCfg = Release|x86
		{2D841B9F-F34C-4439-8625-C581342916C2}.Release|iPhoneSimulator.ActiveCfg = Release|x86
		{2D841B9F-F34C-4439-8625-C581342916C2}.Release|x64.ActiveCfg = Release|x64
		{2D841B9F-F34C-4439-8625-C581342916C2}.Release|x64.Build.0 = Release|x64
		{2D841B9F-F34C-4439-8625-C581342916C2}.Release|x64.Deploy.0 = Release|x64
		{2D841B9F-F34C-4439-8625-C581342916C2}.Release|x86.ActiveCfg = Release|x86
		{2D841B9F-F34C-4439-8625-C581342916C2}.Release|x86.Build.0 = Release|x86
		{2D841B9F-F34C-4439-8625-C581342916C2}.Release|x86.Deploy.0 = Release|x86
		{1CFECE4B-ABBA-45BA-AA1F-8A9F013FFE2E}.Ad-Hoc|Any CPU.ActiveCfg = Release|Any CPU
		{1CFECE4B-ABBA-45BA-AA1F-8A9F013FFE2E}.Ad-Hoc|Any CPU.Build.0 = Release|Any CPU
		{1CFECE4B-ABBA-45BA-AA1F-8A9F013FFE2E}.Ad-Hoc|Any CPU.Deploy.0 = Release|Any CPU
		{1CFECE4B-ABBA-45BA-AA1F-8A9F013FFE2E}.Ad-Hoc|ARM.ActiveCfg = Release|ARM
		{1CFECE4B-ABBA-45BA-AA1F-8A9F013FFE2E}.Ad-Hoc|ARM.Build.0 = Release|ARM
		{1CFECE4B-ABBA-45BA-AA1F-8A9F013FFE2E}.Ad-Hoc|ARM.Deploy.0 = Release|ARM
		{1CFECE4B-ABBA-45BA-AA1F-8A9F013FFE2E}.Ad-Hoc|iPhone.ActiveCfg = Release|Any CPU
		{1CFECE4B-ABBA-45BA-AA1F-8A9F013FFE2E}.Ad-Hoc|iPhone.Build.0 = Release|Any CPU
		{1CFECE4B-ABBA-45BA-AA1F-8A9F013FFE2E}.Ad-Hoc|iPhone.Deploy.0 = Release|Any CPU
		{1CFECE4B-ABBA-45BA-AA1F-8A9F013FFE2E}.Ad-Hoc|iPhoneSimulator.ActiveCfg = Release|Any CPU
		{1CFECE4B-ABBA-45BA-AA1F-8A9F013FFE2E}.Ad-Hoc|iPhoneSimulator.Build.0 = Release|Any CPU
		{1CFECE4B-ABBA-45BA-AA1F-8A9F013FFE2E}.Ad-Hoc|iPhoneSimulator.Deploy.0 = Release|Any CPU
		{1CFECE4B-ABBA-45BA-AA1F-8A9F013FFE2E}.Ad-Hoc|x64.ActiveCfg = Release|x64
		{1CFECE4B-ABBA-45BA-AA1F-8A9F013FFE2E}.Ad-Hoc|x64.Build.0 = Release|x64
		{1CFECE4B-ABBA-45BA-AA1F-8A9F013FFE2E}.Ad-Hoc|x64.Deploy.0 = Release|x64
		{1CFECE4B-ABBA-45BA-AA1F-8A9F013FFE2E}.Ad-Hoc|x86.ActiveCfg = Release|x86
		{1CFECE4B-ABBA-45BA-AA1F-8A9F013FFE2E}.Ad-Hoc|x86.Build.0 = Release|x86
		{1CFECE4B-ABBA-45BA-AA1F-8A9F013FFE2E}.Ad-Hoc|x86.Deploy.0 = Release|x86
		{1CFECE4B-ABBA-45BA-AA1F-8A9F013FFE2E}.AppStore|Any CPU.ActiveCfg = Release|Any CPU
		{1CFECE4B-ABBA-45BA-AA1F-8A9F013FFE2E}.AppStore|Any CPU.Build.0 = Release|Any CPU
		{1CFECE4B-ABBA-45BA-AA1F-8A9F013FFE2E}.AppStore|Any CPU.Deploy.0 = Release|Any CPU
		{1CFECE4B-ABBA-45BA-AA1F-8A9F013FFE2E}.AppStore|ARM.ActiveCfg = Release|ARM
		{1CFECE4B-ABBA-45BA-AA1F-8A9F013FFE2E}.AppStore|ARM.Build.0 = Release|ARM
		{1CFECE4B-ABBA-45BA-AA1F-8A9F013FFE2E}.AppStore|ARM.Deploy.0 = Release|ARM
		{1CFECE4B-ABBA-45BA-AA1F-8A9F013FFE2E}.AppStore|iPhone.ActiveCfg = Release|Any CPU
		{1CFECE4B-ABBA-45BA-AA1F-8A9F013FFE2E}.AppStore|iPhone.Build.0 = Release|Any CPU
		{1CFECE4B-ABBA-45BA-AA1F-8A9F013FFE2E}.AppStore|iPhone.Deploy.0 = Release|Any CPU
		{1CFECE4B-ABBA-45BA-AA1F-8A9F013FFE2E}.AppStore|iPhoneSimulator.ActiveCfg = Release|Any CPU
		{1CFECE4B-ABBA-45BA-AA1F-8A9F013FFE2E}.AppStore|iPhoneSimulator.Build.0 = Release|Any CPU
		{1CFECE4B-ABBA-45BA-AA1F-8A9F013FFE2E}.AppStore|iPhoneSimulator.Deploy.0 = Release|Any CPU
		{1CFECE4B-ABBA-45BA-AA1F-8A9F013FFE2E}.AppStore|x64.ActiveCfg = Release|x64
		{1CFECE4B-ABBA-45BA-AA1F-8A9F013FFE2E}.AppStore|x64.Build.0 = Release|x64
		{1CFECE4B-ABBA-45BA-AA1F-8A9F013FFE2E}.AppStore|x64.Deploy.0 = Release|x64
		{1CFECE4B-ABBA-45BA-AA1F-8A9F013FFE2E}.AppStore|x86.ActiveCfg = Release|x86
		{1CFECE4B-ABBA-45BA-AA1F-8A9F013FFE2E}.AppStore|x86.Build.0 = Release|x86
		{1CFECE4B-ABBA-45BA-AA1F-8A9F013FFE2E}.AppStore|x86.Deploy.0 = Release|x86
		{1CFECE4B-ABBA-45BA-AA1F-8A9F013FFE2E}.Debug|Any CPU.ActiveCfg = Debug|Any CPU
		{1CFECE4B-ABBA-45BA-AA1F-8A9F013FFE2E}.Debug|Any CPU.Build.0 = Debug|Any CPU
		{1CFECE4B-ABBA-45BA-AA1F-8A9F013FFE2E}.Debug|Any CPU.Deploy.0 = Debug|Any CPU
		{1CFECE4B-ABBA-45BA-AA1F-8A9F013FFE2E}.Debug|ARM.ActiveCfg = Debug|ARM
		{1CFECE4B-ABBA-45BA-AA1F-8A9F013FFE2E}.Debug|ARM.Build.0 = Debug|ARM
		{1CFECE4B-ABBA-45BA-AA1F-8A9F013FFE2E}.Debug|ARM.Deploy.0 = Debug|ARM
		{1CFECE4B-ABBA-45BA-AA1F-8A9F013FFE2E}.Debug|iPhone.ActiveCfg = Debug|Any CPU
		{1CFECE4B-ABBA-45BA-AA1F-8A9F013FFE2E}.Debug|iPhone.Build.0 = Debug|Any CPU
		{1CFECE4B-ABBA-45BA-AA1F-8A9F013FFE2E}.Debug|iPhone.Deploy.0 = Debug|Any CPU
		{1CFECE4B-ABBA-45BA-AA1F-8A9F013FFE2E}.Debug|iPhoneSimulator.ActiveCfg = Debug|Any CPU
		{1CFECE4B-ABBA-45BA-AA1F-8A9F013FFE2E}.Debug|iPhoneSimulator.Build.0 = Debug|Any CPU
		{1CFECE4B-ABBA-45BA-AA1F-8A9F013FFE2E}.Debug|iPhoneSimulator.Deploy.0 = Debug|Any CPU
		{1CFECE4B-ABBA-45BA-AA1F-8A9F013FFE2E}.Debug|x64.ActiveCfg = Debug|x64
		{1CFECE4B-ABBA-45BA-AA1F-8A9F013FFE2E}.Debug|x64.Build.0 = Debug|x64
		{1CFECE4B-ABBA-45BA-AA1F-8A9F013FFE2E}.Debug|x64.Deploy.0 = Debug|x64
		{1CFECE4B-ABBA-45BA-AA1F-8A9F013FFE2E}.Debug|x86.ActiveCfg = Debug|x86
		{1CFECE4B-ABBA-45BA-AA1F-8A9F013FFE2E}.Debug|x86.Build.0 = Debug|x86
		{1CFECE4B-ABBA-45BA-AA1F-8A9F013FFE2E}.Debug|x86.Deploy.0 = Debug|x86
		{1CFECE4B-ABBA-45BA-AA1F-8A9F013FFE2E}.Release|Any CPU.ActiveCfg = Release|Any CPU
		{1CFECE4B-ABBA-45BA-AA1F-8A9F013FFE2E}.Release|Any CPU.Build.0 = Release|Any CPU
		{1CFECE4B-ABBA-45BA-AA1F-8A9F013FFE2E}.Release|Any CPU.Deploy.0 = Release|Any CPU
		{1CFECE4B-ABBA-45BA-AA1F-8A9F013FFE2E}.Release|ARM.ActiveCfg = Release|ARM
		{1CFECE4B-ABBA-45BA-AA1F-8A9F013FFE2E}.Release|ARM.Build.0 = Release|ARM
		{1CFECE4B-ABBA-45BA-AA1F-8A9F013FFE2E}.Release|ARM.Deploy.0 = Release|ARM
		{1CFECE4B-ABBA-45BA-AA1F-8A9F013FFE2E}.Release|iPhone.ActiveCfg = Release|Any CPU
		{1CFECE4B-ABBA-45BA-AA1F-8A9F013FFE2E}.Release|iPhone.Build.0 = Release|Any CPU
		{1CFECE4B-ABBA-45BA-AA1F-8A9F013FFE2E}.Release|iPhone.Deploy.0 = Release|Any CPU
		{1CFECE4B-ABBA-45BA-AA1F-8A9F013FFE2E}.Release|iPhoneSimulator.ActiveCfg = Release|Any CPU
		{1CFECE4B-ABBA-45BA-AA1F-8A9F013FFE2E}.Release|iPhoneSimulator.Build.0 = Release|Any CPU
		{1CFECE4B-ABBA-45BA-AA1F-8A9F013FFE2E}.Release|iPhoneSimulator.Deploy.0 = Release|Any CPU
		{1CFECE4B-ABBA-45BA-AA1F-8A9F013FFE2E}.Release|x64.ActiveCfg = Release|x64
		{1CFECE4B-ABBA-45BA-AA1F-8A9F013FFE2E}.Release|x64.Build.0 = Release|x64
		{1CFECE4B-ABBA-45BA-AA1F-8A9F013FFE2E}.Release|x64.Deploy.0 = Release|x64
		{1CFECE4B-ABBA-45BA-AA1F-8A9F013FFE2E}.Release|x86.ActiveCfg = Release|x86
		{1CFECE4B-ABBA-45BA-AA1F-8A9F013FFE2E}.Release|x86.Build.0 = Release|x86
		{1CFECE4B-ABBA-45BA-AA1F-8A9F013FFE2E}.Release|x86.Deploy.0 = Release|x86
	EndGlobalSection
	GlobalSection(SolutionProperties) = preSolution
		HideSolutionNode = FALSE
	EndGlobalSection
EndGlobal
